
Microsoft Visual Studio Solution File, Format Version 12.00
# Visual Studio Version 17
VisualStudioVersion = 17.0.31903.59
MinimumVisualStudioVersion = 10.0.40219.1
Project("{2150E333-8FDC-42A3-9474-1A3956D46DE8}") = "MDBP.App", "MDBP.App", "{CC749A8E-6257-D0D2-888A-4FAD4DB94AC4}"
EndProject
Project("{FAE04EC0-301F-11D3-BF4B-00C04F79EFBC}") = "MDBP", "MDBP.App\MDBP.csproj", "{E7FFD412-1279-451C-B922-CC91397FF245}"
EndProject
Project("{2150E333-8FDC-42A3-9474-1A3956D46DE8}") = "MDBP.DiscogsIntegration", "MDBP.DiscogsIntegration", "{1CF0509F-093A-75B2-32D8-313631532400}"
EndProject
Project("{FAE04EC0-301F-11D3-BF4B-00C04F79EFBC}") = "DiscogsIntegration", "MDBP.DiscogsIntegration\DiscogsIntegration.csproj", "{63A21F1F-3326-4D9E-96C0-9819A6D3F975}"
EndProject
Project("{2150E333-8FDC-42A3-9474-1A3956D46DE8}") = "MDBP.OAuth", "MDBP.OAuth", "{318C7936-703A-4405-E081-6C055C74224C}"
EndProject
Project("{FAE04EC0-301F-11D3-BF4B-00C04F79EFBC}") = "OAuth", "MDBP.OAuth\OAuth.csproj", "{2A1B2B41-F03B-4500-A06A-1E10014F98B8}"
EndProject
Project("{FAE04EC0-301F-11D3-BF4B-00C04F79EFBC}") = "MDBP.Tests", "MDBP.Tests\MDBP.Tests.csproj", "{AAE2E20B-1496-4351-9D2A-E49E839436E9}"
EndProject
Global
	GlobalSection(SolutionConfigurationPlatforms) = preSolution
		Debug|Any CPU = Debug|Any CPU
		Debug|x64 = Debug|x64
		Debug|x86 = Debug|x86
		Release|Any CPU = Release|Any CPU
		Release|x64 = Release|x64
		Release|x86 = Release|x86
	EndGlobalSection
	GlobalSection(ProjectConfigurationPlatforms) = postSolution
		{E7FFD412-1279-451C-B922-CC91397FF245}.Debug|Any CPU.ActiveCfg = Debug|Any CPU
		{E7FFD412-1279-451C-B922-CC91397FF245}.Debug|Any CPU.Build.0 = Debug|Any CPU
		{E7FFD412-1279-451C-B922-CC91397FF245}.Debug|x64.ActiveCfg = Debug|Any CPU
		{E7FFD412-1279-451C-B922-CC91397FF245}.Debug|x64.Build.0 = Debug|Any CPU
		{E7FFD412-1279-451C-B922-CC91397FF245}.Debug|x86.ActiveCfg = Debug|Any CPU
		{E7FFD412-1279-451C-B922-CC91397FF245}.Debug|x86.Build.0 = Debug|Any CPU
		{E7FFD412-1279-451C-B922-CC91397FF245}.Release|Any CPU.ActiveCfg = Release|Any CPU
		{E7FFD412-1279-451C-B922-CC91397FF245}.Release|Any CPU.Build.0 = Release|Any CPU
		{E7FFD412-1279-451C-B922-CC91397FF245}.Release|x64.ActiveCfg = Release|Any CPU
		{E7FFD412-1279-451C-B922-CC91397FF245}.Release|x64.Build.0 = Release|Any CPU
		{E7FFD412-1279-451C-B922-CC91397FF245}.Release|x86.ActiveCfg = Release|Any CPU
		{E7FFD412-1279-451C-B922-CC91397FF245}.Release|x86.Build.0 = Release|Any CPU
		{63A21F1F-3326-4D9E-96C0-9819A6D3F975}.Debug|Any CPU.ActiveCfg = Debug|Any CPU
		{63A21F1F-3326-4D9E-96C0-9819A6D3F975}.Debug|Any CPU.Build.0 = Debug|Any CPU
		{63A21F1F-3326-4D9E-96C0-9819A6D3F975}.Debug|x64.ActiveCfg = Debug|Any CPU
		{63A21F1F-3326-4D9E-96C0-9819A6D3F975}.Debug|x64.Build.0 = Debug|Any CPU
		{63A21F1F-3326-4D9E-96C0-9819A6D3F975}.Debug|x86.ActiveCfg = Debug|Any CPU
		{63A21F1F-3326-4D9E-96C0-9819A6D3F975}.Debug|x86.Build.0 = Debug|Any CPU
		{63A21F1F-3326-4D9E-96C0-9819A6D3F975}.Release|Any CPU.ActiveCfg = Release|Any CPU
		{63A21F1F-3326-4D9E-96C0-9819A6D3F975}.Release|Any CPU.Build.0 = Release|Any CPU
		{63A21F1F-3326-4D9E-96C0-9819A6D3F975}.Release|x64.ActiveCfg = Release|Any CPU
		{63A21F1F-3326-4D9E-96C0-9819A6D3F975}.Release|x64.Build.0 = Release|Any CPU
		{63A21F1F-3326-4D9E-96C0-9819A6D3F975}.Release|x86.ActiveCfg = Release|Any CPU
		{63A21F1F-3326-4D9E-96C0-9819A6D3F975}.Release|x86.Build.0 = Release|Any CPU
		{2A1B2B41-F03B-4500-A06A-1E10014F98B8}.Debug|Any CPU.ActiveCfg = Debug|Any CPU
		{2A1B2B41-F03B-4500-A06A-1E10014F98B8}.Debug|Any CPU.Build.0 = Debug|Any CPU
		{2A1B2B41-F03B-4500-A06A-1E10014F98B8}.Debug|x64.ActiveCfg = Debug|Any CPU
		{2A1B2B41-F03B-4500-A06A-1E10014F98B8}.Debug|x64.Build.0 = Debug|Any CPU
		{2A1B2B41-F03B-4500-A06A-1E10014F98B8}.Debug|x86.ActiveCfg = Debug|Any CPU
		{2A1B2B41-F03B-4500-A06A-1E10014F98B8}.Debug|x86.Build.0 = Debug|Any CPU
		{2A1B2B41-F03B-4500-A06A-1E10014F98B8}.Release|Any CPU.ActiveCfg = Release|Any CPU
		{2A1B2B41-F03B-4500-A06A-1E10014F98B8}.Release|Any CPU.Build.0 = Release|Any CPU
		{2A1B2B41-F03B-4500-A06A-1E10014F98B8}.Release|x64.ActiveCfg = Release|Any CPU
		{2A1B2B41-F03B-4500-A06A-1E10014F98B8}.Release|x64.Build.0 = Release|Any CPU
		{2A1B2B41-F03B-4500-A06A-1E10014F98B8}.Release|x86.ActiveCfg = Release|Any CPU
		{2A1B2B41-F03B-4500-A06A-1E10014F98B8}.Release|x86.Build.0 = Release|Any CPU
		{AAE2E20B-1496-4351-9D2A-E49E839436E9}.Debug|Any CPU.ActiveCfg = Debug|Any CPU
		{AAE2E20B-1496-4351-9D2A-E49E839436E9}.Debug|Any CPU.Build.0 = Debug|Any CPU
		{AAE2E20B-1496-4351-9D2A-E49E839436E9}.Debug|x64.ActiveCfg = Debug|Any CPU
		{AAE2E20B-1496-4351-9D2A-E49E839436E9}.Debug|x64.Build.0 = Debug|Any CPU
		{AAE2E20B-1496-4351-9D2A-E49E839436E9}.Debug|x86.ActiveCfg = Debug|Any CPU
		{AAE2E20B-1496-4351-9D2A-E49E839436E9}.Debug|x86.Build.0 = Debug|Any CPU
		{AAE2E20B-1496-4351-9D2A-E49E839436E9}.Release|Any CPU.ActiveCfg = Release|Any CPU
		{AAE2E20B-1496-4351-9D2A-E49E839436E9}.Release|Any CPU.Build.0 = Release|Any CPU
		{AAE2E20B-1496-4351-9D2A-E49E839436E9}.Release|x64.ActiveCfg = Release|Any CPU
		{AAE2E20B-1496-4351-9D2A-E49E839436E9}.Release|x64.Build.0 = Release|Any CPU
		{AAE2E20B-1496-4351-9D2A-E49E839436E9}.Release|x86.ActiveCfg = Release|Any CPU
		{AAE2E20B-1496-4351-9D2A-E49E839436E9}.Release|x86.Build.0 = Release|Any CPU
	EndGlobalSection
	GlobalSection(SolutionProperties) = preSolution
		HideSolutionNode = FALSE
	EndGlobalSection
	GlobalSection(NestedProjects) = preSolution
		{E7FFD412-1279-451C-B922-CC91397FF245} = {CC749A8E-6257-D0D2-888A-4FAD4DB94AC4}
		{63A21F1F-3326-4D9E-96C0-9819A6D3F975} = {1CF0509F-093A-75B2-32D8-313631532400}
		{2A1B2B41-F03B-4500-A06A-1E10014F98B8} = {318C7936-703A-4405-E081-6C055C74224C}
	EndGlobalSection
EndGlobal
